{
  "name": "telegram-music-player",
  "lockfileVersion": 3,
  "requires": true,
  "packages": {
    "": {
      "dependencies": {
        "@hugeicons/core-free-icons": "^4.2.3"
      }
    },
    "node_modules/@hugeicons/core-free-icons": {
      "version": "4.2.3",
      "resolved": "https://registry.npmjs.org/@hugeicons/core-free-icons/-/core-free-icons-4.2.3.tgz",
      "integrity": "sha512-fpiU0qFZkv4ABi23xJ2m4qNr0BBfuIaYjPboN8WDA6aj9D+OzXa7eykxKOpACZRuGbDz1U9S5DsNx1d5KNnsgA==",
      "license": "MIT"
    }
  }
}
